// !$*UTF8*$!
{
	archiveVersion = 1;
	classes = {
	};
	objectVersion = 46;
	objects = {

/* Begin PBXBuildFile section */
		502047B71B0C971C002EBFC7 /* AppDelegate.swift in Sources */ = {isa = PBXBuildFile; fileRef = 502047B61B0C971C002EBFC7 /* AppDelegate.swift */; };
		502047B91B0C971C002EBFC7 /* ViewController.swift in Sources */ = {isa = PBXBuildFile; fileRef = 502047B81B0C971C002EBFC7 /* ViewController.swift */; };
		502047BC1B0C971C002EBFC7 /* Main.storyboard in Resources */ = {isa = PBXBuildFile; fileRef = 502047BA1B0C971C002EBFC7 /* Main.storyboard */; };
		502047BE1B0C971C002EBFC7 /* Images.xcassets in Resources */ = {isa = PBXBuildFile; fileRef = 502047BD1B0C971C002EBFC7 /* Images.xcassets */; };
		502047C11B0C971C002EBFC7 /* LaunchScreen.xib in Resources */ = {isa = PBXBuildFile; fileRef = 502047BF1B0C971C002EBFC7 /* LaunchScreen.xib */; };
		502047CD1B0C971C002EBFC7 /* RemoteTests.swift in Sources */ = {isa = PBXBuildFile; fileRef = 502047CC1B0C971C002EBFC7 /* RemoteTests.swift */; };
		502047DF1B0C973C002EBFC7 /* InterfaceController.swift in Sources */ = {isa = PBXBuildFile; fileRef = 502047DE1B0C973C002EBFC7 /* InterfaceController.swift */; };
		502047E11B0C973C002EBFC7 /* Images.xcassets in Resources */ = {isa = PBXBuildFile; fileRef = 502047E01B0C973C002EBFC7 /* Images.xcassets */; };
		502047E51B0C973D002EBFC7 /* Remote WatchKit App.app in Resources */ = {isa = PBXBuildFile; fileRef = 502047E41B0C973D002EBFC7 /* Remote WatchKit App.app */; };
		502047ED1B0C973D002EBFC7 /* Interface.storyboard in Resources */ = {isa = PBXBuildFile; fileRef = 502047EB1B0C973D002EBFC7 /* Interface.storyboard */; };
		502047EF1B0C973E002EBFC7 /* Images.xcassets in Resources */ = {isa = PBXBuildFile; fileRef = 502047EE1B0C973E002EBFC7 /* Images.xcassets */; };
		502047F21B0C973E002EBFC7 /* Remote WatchKit Extension.appex in Embed App Extensions */ = {isa = PBXBuildFile; fileRef = 502047DA1B0C973B002EBFC7 /* Remote WatchKit Extension.appex */; settings = {ATTRIBUTES = (RemoveHeadersOnCopy, ); }; };
		502048061B0C97D0002EBFC7 /* Wormhole.h in Headers */ = {isa = PBXBuildFile; fileRef = 502048051B0C97D0002EBFC7 /* Wormhole.h */; settings = {ATTRIBUTES = (Public, ); }; };
		5020480C1B0C97D0002EBFC7 /* Wormhole.framework in Frameworks */ = {isa = PBXBuildFile; fileRef = 502048011B0C97D0002EBFC7 /* Wormhole.framework */; };
		502048151B0C97D0002EBFC7 /* WormholeTests.swift in Sources */ = {isa = PBXBuildFile; fileRef = 502048141B0C97D0002EBFC7 /* WormholeTests.swift */; };
		502048181B0C97D0002EBFC7 /* Wormhole.framework in Frameworks */ = {isa = PBXBuildFile; fileRef = 502048011B0C97D0002EBFC7 /* Wormhole.framework */; };
		502048191B0C97D0002EBFC7 /* Wormhole.framework in Embed Frameworks */ = {isa = PBXBuildFile; fileRef = 502048011B0C97D0002EBFC7 /* Wormhole.framework */; settings = {ATTRIBUTES = (CodeSignOnCopy, RemoveHeadersOnCopy, ); }; };
		502048221B0C97F1002EBFC7 /* Wormhole.swift in Sources */ = {isa = PBXBuildFile; fileRef = 502048211B0C97F1002EBFC7 /* Wormhole.swift */; };
		5054986D1B1574B40037E3BD /* RemoteKit.h in Headers */ = {isa = PBXBuildFile; fileRef = 5054986C1B1574B40037E3BD /* RemoteKit.h */; settings = {ATTRIBUTES = (Public, ); }; };
		505498731B1574B40037E3BD /* RemoteKit.framework in Frameworks */ = {isa = PBXBuildFile; fileRef = 505498681B1574B30037E3BD /* RemoteKit.framework */; };
		5054987C1B1574B40037E3BD /* RemoteKitTests.swift in Sources */ = {isa = PBXBuildFile; fileRef = 5054987B1B1574B40037E3BD /* RemoteKitTests.swift */; };
		5054987F1B1574B40037E3BD /* RemoteKit.framework in Frameworks */ = {isa = PBXBuildFile; fileRef = 505498681B1574B30037E3BD /* RemoteKit.framework */; };
		505498801B1574B40037E3BD /* RemoteKit.framework in Embed Frameworks */ = {isa = PBXBuildFile; fileRef = 505498681B1574B30037E3BD /* RemoteKit.framework */; settings = {ATTRIBUTES = (CodeSignOnCopy, RemoveHeadersOnCopy, ); }; };
		505498881B15750C0037E3BD /* Config.swift in Sources */ = {isa = PBXBuildFile; fileRef = 505498871B15750C0037E3BD /* Config.swift */; };
/* End PBXBuildFile section */

/* Begin PBXContainerItemProxy section */
		502047C71B0C971C002EBFC7 /* PBXContainerItemProxy */ = {
			isa = PBXContainerItemProxy;
			containerPortal = 502047A91B0C971B002EBFC7 /* Project object */;
			proxyType = 1;
			remoteGlobalIDString = 502047B01B0C971B002EBFC7;
			remoteInfo = Remote;
		};
		502047E61B0C973D002EBFC7 /* PBXContainerItemProxy */ = {
			isa = PBXContainerItemProxy;
			containerPortal = 502047A91B0C971B002EBFC7 /* Project object */;
			proxyType = 1;
			remoteGlobalIDString = 502047E31B0C973D002EBFC7;
			remoteInfo = "Remote WatchKit App";
		};
		502047F01B0C973E002EBFC7 /* PBXContainerItemProxy */ = {
			isa = PBXContainerItemProxy;
			containerPortal = 502047A91B0C971B002EBFC7 /* Project object */;
			proxyType = 1;
			remoteGlobalIDString = 502047D91B0C973B002EBFC7;
			remoteInfo = "Remote WatchKit Extension";
		};
		5020480D1B0C97D0002EBFC7 /* PBXContainerItemProxy */ = {
			isa = PBXContainerItemProxy;
			containerPortal = 502047A91B0C971B002EBFC7 /* Project object */;
			proxyType = 1;
			remoteGlobalIDString = 502048001B0C97D0002EBFC7;
			remoteInfo = Wormhole;
		};
		5020480F1B0C97D0002EBFC7 /* PBXContainerItemProxy */ = {
			isa = PBXContainerItemProxy;
			containerPortal = 502047A91B0C971B002EBFC7 /* Project object */;
			proxyType = 1;
			remoteGlobalIDString = 502047B01B0C971B002EBFC7;
			remoteInfo = Remote;
		};
		502048161B0C97D0002EBFC7 /* PBXContainerItemProxy */ = {
			isa = PBXContainerItemProxy;
			containerPortal = 502047A91B0C971B002EBFC7 /* Project object */;
			proxyType = 1;
			remoteGlobalIDString = 502048001B0C97D0002EBFC7;
			remoteInfo = Wormhole;
		};
		505498741B1574B40037E3BD /* PBXContainerItemProxy */ = {
			isa = PBXContainerItemProxy;
			containerPortal = 502047A91B0C971B002EBFC7 /* Project object */;
			proxyType = 1;
			remoteGlobalIDString = 505498671B1574B30037E3BD;
			remoteInfo = RemoteKit;
		};
		505498761B1574B40037E3BD /* PBXContainerItemProxy */ = {
			isa = PBXContainerItemProxy;
			containerPortal = 502047A91B0C971B002EBFC7 /* Project object */;
			proxyType = 1;
			remoteGlobalIDString = 502047B01B0C971B002EBFC7;
			remoteInfo = Remote;
		};
		5054987D1B1574B40037E3BD /* PBXContainerItemProxy */ = {
			isa = PBXContainerItemProxy;
			containerPortal = 502047A91B0C971B002EBFC7 /* Project object */;
			proxyType = 1;
			remoteGlobalIDString = 505498671B1574B30037E3BD;
			remoteInfo = RemoteKit;
		};
/* End PBXContainerItemProxy section */

/* Begin PBXCopyFilesBuildPhase section */
		502047F91B0C973E002EBFC7 /* Embed App Extensions */ = {
			isa = PBXCopyFilesBuildPhase;
			buildActionMask = 2147483647;
			dstPath = "";
			dstSubfolderSpec = 13;
			files = (
				502047F21B0C973E002EBFC7 /* Remote WatchKit Extension.appex in Embed App Extensions */,
			);
			name = "Embed App Extensions";
			runOnlyForDeploymentPostprocessing = 0;
		};
		5020481D1B0C97D0002EBFC7 /* Embed Frameworks */ = {
			isa = PBXCopyFilesBuildPhase;
			buildActionMask = 2147483647;
			dstPath = "";
			dstSubfolderSpec = 10;
			files = (
				502048191B0C97D0002EBFC7 /* Wormhole.framework in Embed Frameworks */,
				505498801B1574B40037E3BD /* RemoteKit.framework in Embed Frameworks */,
			);
			name = "Embed Frameworks";
			runOnlyForDeploymentPostprocessing = 0;
		};
/* End PBXCopyFilesBuildPhase section */

/* Begin PBXFileReference section */
		502047B11B0C971B002EBFC7 /* Remote.app */ = {isa = PBXFileReference; explicitFileType = wrapper.application; includeInIndex = 0; path = Remote.app; sourceTree = BUILT_PRODUCTS_DIR; };
		502047B51B0C971B002EBFC7 /* Info.plist */ = {isa = PBXFileReference; lastKnownFileType = text.plist.xml; path = Info.plist; sourceTree = "<group>"; };
		502047B61B0C971C002EBFC7 /* AppDelegate.swift */ = {isa = PBXFileReference; lastKnownFileType = sourcecode.swift; path = AppDelegate.swift; sourceTree = "<group>"; };
		502047B81B0C971C002EBFC7 /* ViewController.swift */ = {isa = PBXFileReference; lastKnownFileType = sourcecode.swift; path = ViewController.swift; sourceTree = "<group>"; };
		502047BB1B0C971C002EBFC7 /* Base */ = {isa = PBXFileReference; lastKnownFileType = file.storyboard; name = Base; path = Base.lproj/Main.storyboard; sourceTree = "<group>"; };
		502047BD1B0C971C002EBFC7 /* Images.xcassets */ = {isa = PBXFileReference; lastKnownFileType = folder.assetcatalog; path = Images.xcassets; sourceTree = "<group>"; };
		502047C01B0C971C002EBFC7 /* Base */ = {isa = PBXFileReference; lastKnownFileType = file.xib; name = Base; path = Base.lproj/LaunchScreen.xib; sourceTree = "<group>"; };
		502047C61B0C971C002EBFC7 /* RemoteTests.xctest */ = {isa = PBXFileReference; explicitFileType = wrapper.cfbundle; includeInIndex = 0; path = RemoteTests.xctest; sourceTree = BUILT_PRODUCTS_DIR; };
		502047CB1B0C971C002EBFC7 /* Info.plist */ = {isa = PBXFileReference; lastKnownFileType = text.plist.xml; path = Info.plist; sourceTree = "<group>"; };
		502047CC1B0C971C002EBFC7 /* RemoteTests.swift */ = {isa = PBXFileReference; lastKnownFileType = sourcecode.swift; path = RemoteTests.swift; sourceTree = "<group>"; };
		502047DA1B0C973B002EBFC7 /* Remote WatchKit Extension.appex */ = {isa = PBXFileReference; explicitFileType = "wrapper.app-extension"; includeInIndex = 0; path = "Remote WatchKit Extension.appex"; sourceTree = BUILT_PRODUCTS_DIR; };
		502047DD1B0C973C002EBFC7 /* Info.plist */ = {isa = PBXFileReference; lastKnownFileType = text.plist.xml; path = Info.plist; sourceTree = "<group>"; };
		502047DE1B0C973C002EBFC7 /* InterfaceController.swift */ = {isa = PBXFileReference; lastKnownFileType = sourcecode.swift; path = InterfaceController.swift; sourceTree = "<group>"; };
		502047E01B0C973C002EBFC7 /* Images.xcassets */ = {isa = PBXFileReference; lastKnownFileType = folder.assetcatalog; path = Images.xcassets; sourceTree = "<group>"; };
		502047E41B0C973D002EBFC7 /* Remote WatchKit App.app */ = {isa = PBXFileReference; explicitFileType = wrapper.application; includeInIndex = 0; path = "Remote WatchKit App.app"; sourceTree = BUILT_PRODUCTS_DIR; };
		502047EA1B0C973D002EBFC7 /* Info.plist */ = {isa = PBXFileReference; lastKnownFileType = text.plist.xml; path = Info.plist; sourceTree = "<group>"; };
		502047EC1B0C973D002EBFC7 /* Base */ = {isa = PBXFileReference; lastKnownFileType = file.storyboard; name = Base; path = Base.lproj/Interface.storyboard; sourceTree = "<group>"; };
		502047EE1B0C973E002EBFC7 /* Images.xcassets */ = {isa = PBXFileReference; lastKnownFileType = folder.assetcatalog; path = Images.xcassets; sourceTree = "<group>"; };
		502047FA1B0C9767002EBFC7 /* Remote.entitlements */ = {isa = PBXFileReference; lastKnownFileType = text.xml; path = Remote.entitlements; sourceTree = "<group>"; };
		502047FB1B0C9780002EBFC7 /* Remote WatchKit Extension.entitlements */ = {isa = PBXFileReference; lastKnownFileType = text.xml; path = "Remote WatchKit Extension.entitlements"; sourceTree = "<group>"; };
		502048011B0C97D0002EBFC7 /* Wormhole.framework */ = {isa = PBXFileReference; explicitFileType = wrapper.framework; includeInIndex = 0; path = Wormhole.framework; sourceTree = BUILT_PRODUCTS_DIR; };
		502048041B0C97D0002EBFC7 /* Info.plist */ = {isa = PBXFileReference; lastKnownFileType = text.plist.xml; path = Info.plist; sourceTree = "<group>"; };
		502048051B0C97D0002EBFC7 /* Wormhole.h */ = {isa = PBXFileReference; lastKnownFileType = sourcecode.c.h; path = Wormhole.h; sourceTree = "<group>"; };
		5020480B1B0C97D0002EBFC7 /* WormholeTests.xctest */ = {isa = PBXFileReference; explicitFileType = wrapper.cfbundle; includeInIndex = 0; path = WormholeTests.xctest; sourceTree = BUILT_PRODUCTS_DIR; };
		502048131B0C97D0002EBFC7 /* Info.plist */ = {isa = PBXFileReference; lastKnownFileType = text.plist.xml; path = Info.plist; sourceTree = "<group>"; };
		502048141B0C97D0002EBFC7 /* WormholeTests.swift */ = {isa = PBXFileReference; lastKnownFileType = sourcecode.swift; path = WormholeTests.swift; sourceTree = "<group>"; };
		502048211B0C97F1002EBFC7 /* Wormhole.swift */ = {isa = PBXFileReference; fileEncoding = 4; lastKnownFileType = sourcecode.swift; path = Wormhole.swift; sourceTree = "<group>"; };
		505498681B1574B30037E3BD /* RemoteKit.framework */ = {isa = PBXFileReference; explicitFileType = wrapper.framework; includeInIndex = 0; path = RemoteKit.framework; sourceTree = BUILT_PRODUCTS_DIR; };
		5054986B1B1574B40037E3BD /* Info.plist */ = {isa = PBXFileReference; lastKnownFileType = text.plist.xml; path = Info.plist; sourceTree = "<group>"; };
		5054986C1B1574B40037E3BD /* RemoteKit.h */ = {isa = PBXFileReference; lastKnownFileType = sourcecode.c.h; path = RemoteKit.h; sourceTree = "<group>"; };
		505498721B1574B40037E3BD /* RemoteKitTests.xctest */ = {isa = PBXFileReference; explicitFileType = wrapper.cfbundle; includeInIndex = 0; path = RemoteKitTests.xctest; sourceTree = BUILT_PRODUCTS_DIR; };
		5054987A1B1574B40037E3BD /* Info.plist */ = {isa = PBXFileReference; lastKnownFileType = text.plist.xml; path = Info.plist; sourceTree = "<group>"; };
		5054987B1B1574B40037E3BD /* RemoteKitTests.swift */ = {isa = PBXFileReference; lastKnownFileType = sourcecode.swift; path = RemoteKitTests.swift; sourceTree = "<group>"; };
		505498871B15750C0037E3BD /* Config.swift */ = {isa = PBXFileReference; fileEncoding = 4; lastKnownFileType = sourcecode.swift; path = Config.swift; sourceTree = "<group>"; };
/* End PBXFileReference section */

/* Begin PBXFrameworksBuildPhase section */
		502047AE1B0C971B002EBFC7 /* Frameworks */ = {
			isa = PBXFrameworksBuildPhase;
			buildActionMask = 2147483647;
			files = (
				502048181B0C97D0002EBFC7 /* Wormhole.framework in Frameworks */,
				5054987F1B1574B40037E3BD /* RemoteKit.framework in Frameworks */,
			);
			runOnlyForDeploymentPostprocessing = 0;
		};
		502047C31B0C971C002EBFC7 /* Frameworks */ = {
			isa = PBXFrameworksBuildPhase;
			buildActionMask = 2147483647;
			files = (
			);
			runOnlyForDeploymentPostprocessing = 0;
		};
		502047D71B0C973B002EBFC7 /* Frameworks */ = {
			isa = PBXFrameworksBuildPhase;
			buildActionMask = 2147483647;
			files = (
			);
			runOnlyForDeploymentPostprocessing = 0;
		};
		502047FD1B0C97D0002EBFC7 /* Frameworks */ = {
			isa = PBXFrameworksBuildPhase;
			buildActionMask = 2147483647;
			files = (
			);
			runOnlyForDeploymentPostprocessing = 0;
		};
		502048081B0C97D0002EBFC7 /* Frameworks */ = {
			isa = PBXFrameworksBuildPhase;
			buildActionMask = 2147483647;
			files = (
				5020480C1B0C97D0002EBFC7 /* Wormhole.framework in Frameworks */,
			);
			runOnlyForDeploymentPostprocessing = 0;
		};
		505498641B1574B30037E3BD /* Frameworks */ = {
			isa = PBXFrameworksBuildPhase;
			buildActionMask = 2147483647;
			files = (
			);
			runOnlyForDeploymentPostprocessing = 0;
		};
		5054986F1B1574B40037E3BD /* Frameworks */ = {
			isa = PBXFrameworksBuildPhase;
			buildActionMask = 2147483647;
			files = (
				505498731B1574B40037E3BD /* RemoteKit.framework in Frameworks */,
			);
			runOnlyForDeploymentPostprocessing = 0;
		};
/* End PBXFrameworksBuildPhase section */

/* Begin PBXGroup section */
		502047A81B0C971B002EBFC7 = {
			isa = PBXGroup;
			children = (
				502047B31B0C971B002EBFC7 /* Remote */,
				502047C91B0C971C002EBFC7 /* RemoteTests */,
				502047DB1B0C973B002EBFC7 /* Remote WatchKit Extension */,
				502047E81B0C973D002EBFC7 /* Remote WatchKit App */,
				502048021B0C97D0002EBFC7 /* Wormhole */,
				502048111B0C97D0002EBFC7 /* WormholeTests */,
				505498691B1574B30037E3BD /* RemoteKit */,
				505498781B1574B40037E3BD /* RemoteKitTests */,
				502047B21B0C971B002EBFC7 /* Products */,
			);
			sourceTree = "<group>";
		};
		502047B21B0C971B002EBFC7 /* Products */ = {
			isa = PBXGroup;
			children = (
				502047B11B0C971B002EBFC7 /* Remote.app */,
				502047C61B0C971C002EBFC7 /* RemoteTests.xctest */,
				502047DA1B0C973B002EBFC7 /* Remote WatchKit Extension.appex */,
				502047E41B0C973D002EBFC7 /* Remote WatchKit App.app */,
				502048011B0C97D0002EBFC7 /* Wormhole.framework */,
				5020480B1B0C97D0002EBFC7 /* WormholeTests.xctest */,
				505498681B1574B30037E3BD /* RemoteKit.framework */,
				505498721B1574B40037E3BD /* RemoteKitTests.xctest */,
			);
			name = Products;
			sourceTree = "<group>";
		};
		502047B31B0C971B002EBFC7 /* Remote */ = {
			isa = PBXGroup;
			children = (
				502047FA1B0C9767002EBFC7 /* Remote.entitlements */,
				502047B61B0C971C002EBFC7 /* AppDelegate.swift */,
				502047B81B0C971C002EBFC7 /* ViewController.swift */,
				502047BA1B0C971C002EBFC7 /* Main.storyboard */,
				502047BD1B0C971C002EBFC7 /* Images.xcassets */,
				502047BF1B0C971C002EBFC7 /* LaunchScreen.xib */,
				502047B41B0C971B002EBFC7 /* Supporting Files */,
			);
			path = Remote;
			sourceTree = "<group>";
		};
		502047B41B0C971B002EBFC7 /* Supporting Files */ = {
			isa = PBXGroup;
			children = (
				502047B51B0C971B002EBFC7 /* Info.plist */,
			);
			name = "Supporting Files";
			sourceTree = "<group>";
		};
		502047C91B0C971C002EBFC7 /* RemoteTests */ = {
			isa = PBXGroup;
			children = (
				502047CC1B0C971C002EBFC7 /* RemoteTests.swift */,
				502047CA1B0C971C002EBFC7 /* Supporting Files */,
			);
			path = RemoteTests;
			sourceTree = "<group>";
		};
		502047CA1B0C971C002EBFC7 /* Supporting Files */ = {
			isa = PBXGroup;
			children = (
				502047CB1B0C971C002EBFC7 /* Info.plist */,
			);
			name = "Supporting Files";
			sourceTree = "<group>";
		};
		502047DB1B0C973B002EBFC7 /* Remote WatchKit Extension */ = {
			isa = PBXGroup;
			children = (
				502047FB1B0C9780002EBFC7 /* Remote WatchKit Extension.entitlements */,
				502047DE1B0C973C002EBFC7 /* InterfaceController.swift */,
				502047E01B0C973C002EBFC7 /* Images.xcassets */,
				502047DC1B0C973C002EBFC7 /* Supporting Files */,
			);
			path = "Remote WatchKit Extension";
			sourceTree = "<group>";
		};
		502047DC1B0C973C002EBFC7 /* Supporting Files */ = {
			isa = PBXGroup;
			children = (
				502047DD1B0C973C002EBFC7 /* Info.plist */,
			);
			name = "Supporting Files";
			sourceTree = "<group>";
		};
		502047E81B0C973D002EBFC7 /* Remote WatchKit App */ = {
			isa = PBXGroup;
			children = (
				502047EB1B0C973D002EBFC7 /* Interface.storyboard */,
				502047EE1B0C973E002EBFC7 /* Images.xcassets */,
				502047E91B0C973D002EBFC7 /* Supporting Files */,
			);
			path = "Remote WatchKit App";
			sourceTree = "<group>";
		};
		502047E91B0C973D002EBFC7 /* Supporting Files */ = {
			isa = PBXGroup;
			children = (
				502047EA1B0C973D002EBFC7 /* Info.plist */,
			);
			name = "Supporting Files";
			sourceTree = "<group>";
		};
		502048021B0C97D0002EBFC7 /* Wormhole */ = {
			isa = PBXGroup;
			children = (
				502048051B0C97D0002EBFC7 /* Wormhole.h */,
				502048211B0C97F1002EBFC7 /* Wormhole.swift */,
				502048031B0C97D0002EBFC7 /* Supporting Files */,
			);
			path = Wormhole;
			sourceTree = "<group>";
		};
		502048031B0C97D0002EBFC7 /* Supporting Files */ = {
			isa = PBXGroup;
			children = (
				502048041B0C97D0002EBFC7 /* Info.plist */,
			);
			name = "Supporting Files";
			sourceTree = "<group>";
		};
		502048111B0C97D0002EBFC7 /* WormholeTests */ = {
			isa = PBXGroup;
			children = (
				502048141B0C97D0002EBFC7 /* WormholeTests.swift */,
				502048121B0C97D0002EBFC7 /* Supporting Files */,
			);
			path = WormholeTests;
			sourceTree = "<group>";
		};
		502048121B0C97D0002EBFC7 /* Supporting Files */ = {
			isa = PBXGroup;
			children = (
				502048131B0C97D0002EBFC7 /* Info.plist */,
			);
			name = "Supporting Files";
			sourceTree = "<group>";
		};
		505498691B1574B30037E3BD /* RemoteKit */ = {
			isa = PBXGroup;
			children = (
				5054986C1B1574B40037E3BD /* RemoteKit.h */,
				505498871B15750C0037E3BD /* Config.swift */,
				5054986A1B1574B40037E3BD /* Supporting Files */,
			);
			path = RemoteKit;
			sourceTree = "<group>";
		};
		5054986A1B1574B40037E3BD /* Supporting Files */ = {
			isa = PBXGroup;
			children = (
				5054986B1B1574B40037E3BD /* Info.plist */,
			);
			name = "Supporting Files";
			sourceTree = "<group>";
		};
		505498781B1574B40037E3BD /* RemoteKitTests */ = {
			isa = PBXGroup;
			children = (
				5054987B1B1574B40037E3BD /* RemoteKitTests.swift */,
				505498791B1574B40037E3BD /* Supporting Files */,
			);
			path = RemoteKitTests;
			sourceTree = "<group>";
		};
		505498791B1574B40037E3BD /* Supporting Files */ = {
			isa = PBXGroup;
			children = (
				5054987A1B1574B40037E3BD /* Info.plist */,
			);
			name = "Supporting Files";
			sourceTree = "<group>";
		};
/* End PBXGroup section */

/* Begin PBXHeadersBuildPhase section */
		502047FE1B0C97D0002EBFC7 /* Headers */ = {
			isa = PBXHeadersBuildPhase;
			buildActionMask = 2147483647;
			files = (
				502048061B0C97D0002EBFC7 /* Wormhole.h in Headers */,
			);
			runOnlyForDeploymentPostprocessing = 0;
		};
		505498651B1574B30037E3BD /* Headers */ = {
			isa = PBXHeadersBuildPhase;
			buildActionMask = 2147483647;
			files = (
				5054986D1B1574B40037E3BD /* RemoteKit.h in Headers */,
			);
			runOnlyForDeploymentPostprocessing = 0;
		};
/* End PBXHeadersBuildPhase section */

/* Begin PBXNativeTarget section */
		502047B01B0C971B002EBFC7 /* Remote */ = {
			isa = PBXNativeTarget;
			buildConfigurationList = 502047D01B0C971C002EBFC7 /* Build configuration list for PBXNativeTarget "Remote" */;
			buildPhases = (
				502047AD1B0C971B002EBFC7 /* Sources */,
				502047AE1B0C971B002EBFC7 /* Frameworks */,
				502047AF1B0C971B002EBFC7 /* Resources */,
				502047F91B0C973E002EBFC7 /* Embed App Extensions */,
				5020481D1B0C97D0002EBFC7 /* Embed Frameworks */,
			);
			buildRules = (
			);
			dependencies = (
				502047F11B0C973E002EBFC7 /* PBXTargetDependency */,
				502048171B0C97D0002EBFC7 /* PBXTargetDependency */,
				5054987E1B1574B40037E3BD /* PBXTargetDependency */,
			);
			name = Remote;
			productName = Remote;
			productReference = 502047B11B0C971B002EBFC7 /* Remote.app */;
			productType = "com.apple.product-type.application";
		};
		502047C51B0C971C002EBFC7 /* RemoteTests */ = {
			isa = PBXNativeTarget;
			buildConfigurationList = 502047D31B0C971C002EBFC7 /* Build configuration list for PBXNativeTarget "RemoteTests" */;
			buildPhases = (
				502047C21B0C971C002EBFC7 /* Sources */,
				502047C31B0C971C002EBFC7 /* Frameworks */,
				502047C41B0C971C002EBFC7 /* Resources */,
			);
			buildRules = (
			);
			dependencies = (
				502047C81B0C971C002EBFC7 /* PBXTargetDependency */,
			);
			name = RemoteTests;
			productName = RemoteTests;
			productReference = 502047C61B0C971C002EBFC7 /* RemoteTests.xctest */;
			productType = "com.apple.product-type.bundle.unit-test";
		};
		502047D91B0C973B002EBFC7 /* Remote WatchKit Extension */ = {
			isa = PBXNativeTarget;
			buildConfigurationList = 502047F61B0C973E002EBFC7 /* Build configuration list for PBXNativeTarget "Remote WatchKit Extension" */;
			buildPhases = (
				502047D61B0C973B002EBFC7 /* Sources */,
				502047D71B0C973B002EBFC7 /* Frameworks */,
				502047D81B0C973B002EBFC7 /* Resources */,
			);
			buildRules = (
			);
			dependencies = (
				502047E71B0C973D002EBFC7 /* PBXTargetDependency */,
			);
			name = "Remote WatchKit Extension";
			productName = "Remote WatchKit Extension";
			productReference = 502047DA1B0C973B002EBFC7 /* Remote WatchKit Extension.appex */;
			productType = "com.apple.product-type.watchkit-extension";
		};
		502047E31B0C973D002EBFC7 /* Remote WatchKit App */ = {
			isa = PBXNativeTarget;
			buildConfigurationList = 502047F31B0C973E002EBFC7 /* Build configuration list for PBXNativeTarget "Remote WatchKit App" */;
			buildPhases = (
				502047E21B0C973D002EBFC7 /* Resources */,
			);
			buildRules = (
			);
			dependencies = (
			);
			name = "Remote WatchKit App";
			productName = "Remote WatchKit App";
			productReference = 502047E41B0C973D002EBFC7 /* Remote WatchKit App.app */;
			productType = "com.apple.product-type.application.watchapp";
		};
		502048001B0C97D0002EBFC7 /* Wormhole */ = {
			isa = PBXNativeTarget;
			buildConfigurationList = 5020481A1B0C97D0002EBFC7 /* Build configuration list for PBXNativeTarget "Wormhole" */;
			buildPhases = (
				502047FC1B0C97D0002EBFC7 /* Sources */,
				502047FD1B0C97D0002EBFC7 /* Frameworks */,
				502047FE1B0C97D0002EBFC7 /* Headers */,
				502047FF1B0C97D0002EBFC7 /* Resources */,
			);
			buildRules = (
			);
			dependencies = (
			);
			name = Wormhole;
			productName = Wormhole;
			productReference = 502048011B0C97D0002EBFC7 /* Wormhole.framework */;
			productType = "com.apple.product-type.framework";
		};
		5020480A1B0C97D0002EBFC7 /* WormholeTests */ = {
			isa = PBXNativeTarget;
			buildConfigurationList = 5020481E1B0C97D0002EBFC7 /* Build configuration list for PBXNativeTarget "WormholeTests" */;
			buildPhases = (
				502048071B0C97D0002EBFC7 /* Sources */,
				502048081B0C97D0002EBFC7 /* Frameworks */,
				502048091B0C97D0002EBFC7 /* Resources */,
			);
			buildRules = (
			);
			dependencies = (
				5020480E1B0C97D0002EBFC7 /* PBXTargetDependency */,
				502048101B0C97D0002EBFC7 /* PBXTargetDependency */,
			);
			name = WormholeTests;
			productName = WormholeTests;
			productReference = 5020480B1B0C97D0002EBFC7 /* WormholeTests.xctest */;
			productType = "com.apple.product-type.bundle.unit-test";
		};
		505498671B1574B30037E3BD /* RemoteKit */ = {
			isa = PBXNativeTarget;
			buildConfigurationList = 505498851B1574B40037E3BD /* Build configuration list for PBXNativeTarget "RemoteKit" */;
			buildPhases = (
				505498631B1574B30037E3BD /* Sources */,
				505498641B1574B30037E3BD /* Frameworks */,
				505498651B1574B30037E3BD /* Headers */,
				505498661B1574B30037E3BD /* Resources */,
			);
			buildRules = (
			);
			dependencies = (
			);
			name = RemoteKit;
			productName = RemoteKit;
			productReference = 505498681B1574B30037E3BD /* RemoteKit.framework */;
			productType = "com.apple.product-type.framework";
		};
		505498711B1574B40037E3BD /* RemoteKitTests */ = {
			isa = PBXNativeTarget;
			buildConfigurationList = 505498861B1574B40037E3BD /* Build configuration list for PBXNativeTarget "RemoteKitTests" */;
			buildPhases = (
				5054986E1B1574B40037E3BD /* Sources */,
				5054986F1B1574B40037E3BD /* Frameworks */,
				505498701B1574B40037E3BD /* Resources */,
			);
			buildRules = (
			);
			dependencies = (
				505498751B1574B40037E3BD /* PBXTargetDependency */,
				505498771B1574B40037E3BD /* PBXTargetDependency */,
			);
			name = RemoteKitTests;
			productName = RemoteKitTests;
			productReference = 505498721B1574B40037E3BD /* RemoteKitTests.xctest */;
			productType = "com.apple.product-type.bundle.unit-test";
		};
/* End PBXNativeTarget section */

/* Begin PBXProject section */
		502047A91B0C971B002EBFC7 /* Project object */ = {
			isa = PBXProject;
			attributes = {
				LastUpgradeCheck = 0630;
				ORGANIZATIONNAME = nixWork;
				TargetAttributes = {
					502047B01B0C971B002EBFC7 = {
						CreatedOnToolsVersion = 6.3.2;
						DevelopmentTeam = 8D957V42M6;
						SystemCapabilities = {
							com.apple.ApplicationGroups.iOS = {
								enabled = 1;
							};
						};
					};
					502047C51B0C971C002EBFC7 = {
						CreatedOnToolsVersion = 6.3.2;
						TestTargetID = 502047B01B0C971B002EBFC7;
					};
					502047D91B0C973B002EBFC7 = {
						CreatedOnToolsVersion = 6.3.2;
						DevelopmentTeam = 8D957V42M6;
						SystemCapabilities = {
							com.apple.ApplicationGroups.iOS = {
								enabled = 1;
							};
						};
					};
					502047E31B0C973D002EBFC7 = {
						CreatedOnToolsVersion = 6.3.2;
					};
					502048001B0C97D0002EBFC7 = {
						CreatedOnToolsVersion = 6.3.2;
						DevelopmentTeam = 8D957V42M6;
					};
					5020480A1B0C97D0002EBFC7 = {
						CreatedOnToolsVersion = 6.3.2;
						TestTargetID = 502047B01B0C971B002EBFC7;
					};
					505498671B1574B30037E3BD = {
						CreatedOnToolsVersion = 6.3.2;
						DevelopmentTeam = 8D957V42M6;
					};
					505498711B1574B40037E3BD = {
						CreatedOnToolsVersion = 6.3.2;
						TestTargetID = 502047B01B0C971B002EBFC7;
					};
				};
			};
			buildConfigurationList = 502047AC1B0C971B002EBFC7 /* Build configuration list for PBXProject "Remote" */;
			compatibilityVersion = "Xcode 3.2";
			developmentRegion = English;
			hasScannedForEncodings = 0;
			knownRegions = (
				en,
				Base,
			);
			mainGroup = 502047A81B0C971B002EBFC7;
			productRefGroup = 502047B21B0C971B002EBFC7 /* Products */;
			projectDirPath = "";
			projectRoot = "";
			targets = (
				502047B01B0C971B002EBFC7 /* Remote */,
				502047C51B0C971C002EBFC7 /* RemoteTests */,
				502047D91B0C973B002EBFC7 /* Remote WatchKit Extension */,
				502047E31B0C973D002EBFC7 /* Remote WatchKit App */,
				502048001B0C97D0002EBFC7 /* Wormhole */,
				5020480A1B0C97D0002EBFC7 /* WormholeTests */,
				505498671B1574B30037E3BD /* RemoteKit */,
				505498711B1574B40037E3BD /* RemoteKitTests */,
			);
		};
/* End PBXProject section */

/* Begin PBXResourcesBuildPhase section */
		502047AF1B0C971B002EBFC7 /* Resources */ = {
			isa = PBXResourcesBuildPhase;
			buildActionMask = 2147483647;
			files = (
				502047BC1B0C971C002EBFC7 /* Main.storyboard in Resources */,
				502047C11B0C971C002EBFC7 /* LaunchScreen.xib in Resources */,
				502047BE1B0C971C002EBFC7 /* Images.xcassets in Resources */,
			);
			runOnlyForDeploymentPostprocessing = 0;
		};
		502047C41B0C971C002EBFC7 /* Resources */ = {
			isa = PBXResourcesBuildPhase;
			buildActionMask = 2147483647;
			files = (
			);
			runOnlyForDeploymentPostprocessing = 0;
		};
		502047D81B0C973B002EBFC7 /* Resources */ = {
			isa = PBXResourcesBuildPhase;
			buildActionMask = 2147483647;
			files = (
				502047E51B0C973D002EBFC7 /* Remote WatchKit App.app in Resources */,
				502047E11B0C973C002EBFC7 /* Images.xcassets in Resources */,
			);
			runOnlyForDeploymentPostprocessing = 0;
		};
		502047E21B0C973D002EBFC7 /* Resources */ = {
			isa = PBXResourcesBuildPhase;
			buildActionMask = 2147483647;
			files = (
				502047ED1B0C973D002EBFC7 /* Interface.storyboard in Resources */,
				502047EF1B0C973E002EBFC7 /* Images.xcassets in Resources */,
			);
			runOnlyForDeploymentPostprocessing = 0;
		};
		502047FF1B0C97D0002EBFC7 /* Resources */ = {
			isa = PBXResourcesBuildPhase;
			buildActionMask = 2147483647;
			files = (
			);
			runOnlyForDeploymentPostprocessing = 0;
		};
		502048091B0C97D0002EBFC7 /* Resources */ = {
			isa = PBXResourcesBuildPhase;
			buildActionMask = 2147483647;
			files = (
			);
			runOnlyForDeploymentPostprocessing = 0;
		};
		505498661B1574B30037E3BD /* Resources */ = {
			isa = PBXResourcesBuildPhase;
			buildActionMask = 2147483647;
			files = (
			);
			runOnlyForDeploymentPostprocessing = 0;
		};
		505498701B1574B40037E3BD /* Resources */ = {
			isa = PBXResourcesBuildPhase;
			buildActionMask = 2147483647;
			files = (
			);
			runOnlyForDeploymentPostprocessing = 0;
		};
/* End PBXResourcesBuildPhase section */

/* Begin PBXSourcesBuildPhase section */
		502047AD1B0C971B002EBFC7 /* Sources */ = {
			isa = PBXSourcesBuildPhase;
			buildActionMask = 2147483647;
			files = (
				502047B91B0C971C002EBFC7 /* ViewController.swift in Sources */,
				502047B71B0C971C002EBFC7 /* AppDelegate.swift in Sources */,
			);
			runOnlyForDeploymentPostprocessing = 0;
		};
		502047C21B0C971C002EBFC7 /* Sources */ = {
			isa = PBXSourcesBuildPhase;
			buildActionMask = 2147483647;
			files = (
				502047CD1B0C971C002EBFC7 /* RemoteTests.swift in Sources */,
			);
			runOnlyForDeploymentPostprocessing = 0;
		};
		502047D61B0C973B002EBFC7 /* Sources */ = {
			isa = PBXSourcesBuildPhase;
			buildActionMask = 2147483647;
			files = (
				502047DF1B0C973C002EBFC7 /* InterfaceController.swift in Sources */,
			);
			runOnlyForDeploymentPostprocessing = 0;
		};
		502047FC1B0C97D0002EBFC7 /* Sources */ = {
			isa = PBXSourcesBuildPhase;
			buildActionMask = 2147483647;
			files = (
				502048221B0C97F1002EBFC7 /* Wormhole.swift in Sources */,
			);
			runOnlyForDeploymentPostprocessing = 0;
		};
		502048071B0C97D0002EBFC7 /* Sources */ = {
			isa = PBXSourcesBuildPhase;
			buildActionMask = 2147483647;
			files = (
				502048151B0C97D0002EBFC7 /* WormholeTests.swift in Sources */,
			);
			runOnlyForDeploymentPostprocessing = 0;
		};
		505498631B1574B30037E3BD /* Sources */ = {
			isa = PBXSourcesBuildPhase;
			buildActionMask = 2147483647;
			files = (
				505498881B15750C0037E3BD /* Config.swift in Sources */,
			);
			runOnlyForDeploymentPostprocessing = 0;
		};
		5054986E1B1574B40037E3BD /* Sources */ = {
			isa = PBXSourcesBuildPhase;
			buildActionMask = 2147483647;
			files = (
				5054987C1B1574B40037E3BD /* RemoteKitTests.swift in Sources */,
			);
			runOnlyForDeploymentPostprocessing = 0;
		};
/* End PBXSourcesBuildPhase section */

/* Begin PBXTargetDependency section */
		502047C81B0C971C002EBFC7 /* PBXTargetDependency */ = {
			isa = PBXTargetDependency;
			target = 502047B01B0C971B002EBFC7 /* Remote */;
			targetProxy = 502047C71B0C971C002EBFC7 /* PBXContainerItemProxy */;
		};
		502047E71B0C973D002EBFC7 /* PBXTargetDependency */ = {
			isa = PBXTargetDependency;
			target = 502047E31B0C973D002EBFC7 /* Remote WatchKit App */;
			targetProxy = 502047E61B0C973D002EBFC7 /* PBXContainerItemProxy */;
		};
		502047F11B0C973E002EBFC7 /* PBXTargetDependency */ = {
			isa = PBXTargetDependency;
			target = 502047D91B0C973B002EBFC7 /* Remote WatchKit Extension */;
			targetProxy = 502047F01B0C973E002EBFC7 /* PBXContainerItemProxy */;
		};
		5020480E1B0C97D0002EBFC7 /* PBXTargetDependency */ = {
			isa = PBXTargetDependency;
			target = 502048001B0C97D0002EBFC7 /* Wormhole */;
			targetProxy = 5020480D1B0C97D0002EBFC7 /* PBXContainerItemProxy */;
		};
		502048101B0C97D0002EBFC7 /* PBXTargetDependency */ = {
			isa = PBXTargetDependency;
			target = 502047B01B0C971B002EBFC7 /* Remote */;
			targetProxy = 5020480F1B0C97D0002EBFC7 /* PBXContainerItemProxy */;
		};
		502048171B0C97D0002EBFC7 /* PBXTargetDependency */ = {
			isa = PBXTargetDependency;
			target = 502048001B0C97D0002EBFC7 /* Wormhole */;
			targetProxy = 502048161B0C97D0002EBFC7 /* PBXContainerItemProxy */;
		};
		505498751B1574B40037E3BD /* PBXTargetDependency */ = {
			isa = PBXTargetDependency;
			target = 505498671B1574B30037E3BD /* RemoteKit */;
			targetProxy = 505498741B1574B40037E3BD /* PBXContainerItemProxy */;
		};
		505498771B1574B40037E3BD /* PBXTargetDependency */ = {
			isa = PBXTargetDependency;
			target = 502047B01B0C971B002EBFC7 /* Remote */;
			targetProxy = 505498761B1574B40037E3BD /* PBXContainerItemProxy */;
		};
		5054987E1B1574B40037E3BD /* PBXTargetDependency */ = {
			isa = PBXTargetDependency;
			target = 505498671B1574B30037E3BD /* RemoteKit */;
			targetProxy = 5054987D1B1574B40037E3BD /* PBXContainerItemProxy */;
		};
/* End PBXTargetDependency section */

/* Begin PBXVariantGroup section */
		502047BA1B0C971C002EBFC7 /* Main.storyboard */ = {
			isa = PBXVariantGroup;
			children = (
				502047BB1B0C971C002EBFC7 /* Base */,
			);
			name = Main.storyboard;
			sourceTree = "<group>";
		};
		502047BF1B0C971C002EBFC7 /* LaunchScreen.xib */ = {
			isa = PBXVariantGroup;
			children = (
				502047C01B0C971C002EBFC7 /* Base */,
			);
			name = LaunchScreen.xib;
			sourceTree = "<group>";
		};
		502047EB1B0C973D002EBFC7 /* Interface.storyboard */ = {
			isa = PBXVariantGroup;
			children = (
				502047EC1B0C973D002EBFC7 /* Base */,
			);
			name = Interface.storyboard;
			sourceTree = "<group>";
		};
/* End PBXVariantGroup section */

/* Begin XCBuildConfiguration section */
		502047CE1B0C971C002EBFC7 /* Debug */ = {
			isa = XCBuildConfiguration;
			buildSettings = {
				ALWAYS_SEARCH_USER_PATHS = NO;
				CLANG_CXX_LANGUAGE_STANDARD = "gnu++0x";
				CLANG_CXX_LIBRARY = "libc++";
				CLANG_ENABLE_MODULES = YES;
				CLANG_ENABLE_OBJC_ARC = YES;
				CLANG_WARN_BOOL_CONVERSION = YES;
				CLANG_WARN_CONSTANT_CONVERSION = YES;
				CLANG_WARN_DIRECT_OBJC_ISA_USAGE = YES_ERROR;
				CLANG_WARN_EMPTY_BODY = YES;
				CLANG_WARN_ENUM_CONVERSION = YES;
				CLANG_WARN_INT_CONVERSION = YES;
				CLANG_WARN_OBJC_ROOT_CLASS = YES_ERROR;
				CLANG_WARN_UNREACHABLE_CODE = YES;
				CLANG_WARN__DUPLICATE_METHOD_MATCH = YES;
				"CODE_SIGN_IDENTITY[sdk=iphoneos*]" = "iPhone Developer";
				COPY_PHASE_STRIP = NO;
				DEBUG_INFORMATION_FORMAT = "dwarf-with-dsym";
				ENABLE_STRICT_OBJC_MSGSEND = YES;
				GCC_C_LANGUAGE_STANDARD = gnu99;
				GCC_DYNAMIC_NO_PIC = NO;
				GCC_NO_COMMON_BLOCKS = YES;
				GCC_OPTIMIZATION_LEVEL = 0;
				GCC_PREPROCESSOR_DEFINITIONS = (
					"DEBUG=1",
					"$(inherited)",
				);
				GCC_SYMBOLS_PRIVATE_EXTERN = NO;
				GCC_WARN_64_TO_32_BIT_CONVERSION = YES;
				GCC_WARN_ABOUT_RETURN_TYPE = YES_ERROR;
				GCC_WARN_UNDECLARED_SELECTOR = YES;
				GCC_WARN_UNINITIALIZED_AUTOS = YES_AGGRESSIVE;
				GCC_WARN_UNUSED_FUNCTION = YES;
				GCC_WARN_UNUSED_VARIABLE = YES;
				IPHONEOS_DEPLOYMENT_TARGET = 8.3;
				MTL_ENABLE_DEBUG_INFO = YES;
				ONLY_ACTIVE_ARCH = YES;
				SDKROOT = iphoneos;
				SWIFT_OPTIMIZATION_LEVEL = "-Onone";
			};
			name = Debug;
		};
		502047CF1B0C971C002EBFC7 /* Release */ = {
			isa = XCBuildConfiguration;
			buildSettings = {
				ALWAYS_SEARCH_USER_PATHS = NO;
				CLANG_CXX_LANGUAGE_STANDARD = "gnu++0x";
				CLANG_CXX_LIBRARY = "libc++";
				CLANG_ENABLE_MODULES = YES;
				CLANG_ENABLE_OBJC_ARC = YES;
				CLANG_WARN_BOOL_CONVERSION = YES;
				CLANG_WARN_CONSTANT_CONVERSION = YES;
				CLANG_WARN_DIRECT_OBJC_ISA_USAGE = YES_ERROR;
				CLANG_WARN_EMPTY_BODY = YES;
				CLANG_WARN_ENUM_CONVERSION = YES;
				CLANG_WARN_INT_CONVERSION = YES;
				CLANG_WARN_OBJC_ROOT_CLASS = YES_ERROR;
				CLANG_WARN_UNREACHABLE_CODE = YES;
				CLANG_WARN__DUPLICATE_METHOD_MATCH = YES;
				"CODE_SIGN_IDENTITY[sdk=iphoneos*]" = "iPhone Developer";
				COPY_PHASE_STRIP = NO;
				DEBUG_INFORMATION_FORMAT = "dwarf-with-dsym";
				ENABLE_NS_ASSERTIONS = NO;
				ENABLE_STRICT_OBJC_MSGSEND = YES;
				GCC_C_LANGUAGE_STANDARD = gnu99;
				GCC_NO_COMMON_BLOCKS = YES;
				GCC_WARN_64_TO_32_BIT_CONVERSION = YES;
				GCC_WARN_ABOUT_RETURN_TYPE = YES_ERROR;
				GCC_WARN_UNDECLARED_SELECTOR = YES;
				GCC_WARN_UNINITIALIZED_AUTOS = YES_AGGRESSIVE;
				GCC_WARN_UNUSED_FUNCTION = YES;
				GCC_WARN_UNUSED_VARIABLE = YES;
				IPHONEOS_DEPLOYMENT_TARGET = 8.3;
				MTL_ENABLE_DEBUG_INFO = NO;
				SDKROOT = iphoneos;
				VALIDATE_PRODUCT = YES;
			};
			name = Release;
		};
		502047D11B0C971C002EBFC7 /* Debug */ = {
			isa = XCBuildConfiguration;
			buildSettings = {
				ASSETCATALOG_COMPILER_APPICON_NAME = AppIcon;
				CODE_SIGN_ENTITLEMENTS = Remote/Remote.entitlements;
				CODE_SIGN_IDENTITY = "iPhone Developer";
				"CODE_SIGN_IDENTITY[sdk=iphoneos*]" = "iPhone Developer";
				INFOPLIST_FILE = Remote/Info.plist;
				LD_RUNPATH_SEARCH_PATHS = "$(inherited) @executable_path/Frameworks";
				PRODUCT_NAME = "$(TARGET_NAME)";
				PROVISIONING_PROFILE = "";
			};
			name = Debug;
		};
		502047D21B0C971C002EBFC7 /* Release */ = {
			isa = XCBuildConfiguration;
			buildSettings = {
				ASSETCATALOG_COMPILER_APPICON_NAME = AppIcon;
				CODE_SIGN_ENTITLEMENTS = Remote/Remote.entitlements;
				CODE_SIGN_IDENTITY = "iPhone Developer";
				"CODE_SIGN_IDENTITY[sdk=iphoneos*]" = "iPhone Developer";
				INFOPLIST_FILE = Remote/Info.plist;
				LD_RUNPATH_SEARCH_PATHS = "$(inherited) @executable_path/Frameworks";
				PRODUCT_NAME = "$(TARGET_NAME)";
				PROVISIONING_PROFILE = "";
			};
			name = Release;
		};
		502047D41B0C971C002EBFC7 /* Debug */ = {
			isa = XCBuildConfiguration;
			buildSettings = {
				BUNDLE_LOADER = "$(TEST_HOST)";
				FRAMEWORK_SEARCH_PATHS = (
					"$(SDKROOT)/Developer/Library/Frameworks",
					"$(inherited)",
				);
				GCC_PREPROCESSOR_DEFINITIONS = (
					"DEBUG=1",
					"$(inherited)",
				);
				INFOPLIST_FILE = RemoteTests/Info.plist;
				LD_RUNPATH_SEARCH_PATHS = "$(inherited) @executable_path/Frameworks @loader_path/Frameworks";
				PRODUCT_NAME = "$(TARGET_NAME)";
				TEST_HOST = "$(BUILT_PRODUCTS_DIR)/Remote.app/Remote";
			};
			name = Debug;
		};
		502047D51B0C971C002EBFC7 /* Release */ = {
			isa = XCBuildConfiguration;
			buildSettings = {
				BUNDLE_LOADER = "$(TEST_HOST)";
				FRAMEWORK_SEARCH_PATHS = (
					"$(SDKROOT)/Developer/Library/Frameworks",
					"$(inherited)",
				);
				INFOPLIST_FILE = RemoteTests/Info.plist;
				LD_RUNPATH_SEARCH_PATHS = "$(inherited) @executable_path/Frameworks @loader_path/Frameworks";
				PRODUCT_NAME = "$(TARGET_NAME)";
				TEST_HOST = "$(BUILT_PRODUCTS_DIR)/Remote.app/Remote";
			};
			name = Release;
		};
		502047F41B0C973E002EBFC7 /* Debug */ = {
			isa = XCBuildConfiguration;
			buildSettings = {
				ASSETCATALOG_COMPILER_APPICON_NAME = AppIcon;
				GCC_PREPROCESSOR_DEFINITIONS = (
					"DEBUG=1",
					"$(inherited)",
				);
				IBSC_MODULE = Remote_WatchKit_Extension;
				INFOPLIST_FILE = "Remote WatchKit App/Info.plist";
				IPHONEOS_DEPLOYMENT_TARGET = 8.2;
				PRODUCT_NAME = "$(TARGET_NAME)";
				SKIP_INSTALL = YES;
				TARGETED_DEVICE_FAMILY = 4;
				"TARGETED_DEVICE_FAMILY[sdk=iphonesimulator*]" = "1,4";
			};
			name = Debug;
		};
		502047F51B0C973E002EBFC7 /* Release */ = {
			isa = XCBuildConfiguration;
			buildSettings = {
				ASSETCATALOG_COMPILER_APPICON_NAME = AppIcon;
				IBSC_MODULE = Remote_WatchKit_Extension;
				INFOPLIST_FILE = "Remote WatchKit App/Info.plist";
				IPHONEOS_DEPLOYMENT_TARGET = 8.2;
				PRODUCT_NAME = "$(TARGET_NAME)";
				SKIP_INSTALL = YES;
				TARGETED_DEVICE_FAMILY = 4;
				"TARGETED_DEVICE_FAMILY[sdk=iphonesimulator*]" = "1,4";
			};
			name = Release;
		};
		502047F71B0C973E002EBFC7 /* Debug */ = {
			isa = XCBuildConfiguration;
			buildSettings = {
				CODE_SIGN_ENTITLEMENTS = "Remote WatchKit Extension/Remote WatchKit Extension.entitlements";
				CODE_SIGN_IDENTITY = "iPhone Developer";
				"CODE_SIGN_IDENTITY[sdk=iphoneos*]" = "iPhone Developer";
				GCC_PREPROCESSOR_DEFINITIONS = (
					"DEBUG=1",
					"$(inherited)",
				);
				INFOPLIST_FILE = "Remote WatchKit Extension/Info.plist";
				LD_RUNPATH_SEARCH_PATHS = "$(inherited) @executable_path/Frameworks @executable_path/../../Frameworks";
				PRODUCT_NAME = "${TARGET_NAME}";
				PROVISIONING_PROFILE = "";
				SKIP_INSTALL = YES;
			};
			name = Debug;
		};
		502047F81B0C973E002EBFC7 /* Release */ = {
			isa = XCBuildConfiguration;
			buildSettings = {
				CODE_SIGN_ENTITLEMENTS = "Remote WatchKit Extension/Remote WatchKit Extension.entitlements";
				CODE_SIGN_IDENTITY = "iPhone Developer";
				"CODE_SIGN_IDENTITY[sdk=iphoneos*]" = "iPhone Developer";
				INFOPLIST_FILE = "Remote WatchKit Extension/Info.plist";
				LD_RUNPATH_SEARCH_PATHS = "$(inherited) @executable_path/Frameworks @executable_path/../../Frameworks";
				PRODUCT_NAME = "${TARGET_NAME}";
				PROVISIONING_PROFILE = "";
				SKIP_INSTALL = YES;
			};
			name = Release;
		};
		5020481B1B0C97D0002EBFC7 /* Debug */ = {
			isa = XCBuildConfiguration;
			buildSettings = {
				CLANG_ENABLE_MODULES = YES;
				CODE_SIGN_IDENTITY = "iPhone Developer";
				"CODE_SIGN_IDENTITY[sdk=iphoneos*]" = "iPhone Developer";
				CURRENT_PROJECT_VERSION = 1;
				DEFINES_MODULE = YES;
				DYLIB_COMPATIBILITY_VERSION = 1;
				DYLIB_CURRENT_VERSION = 1;
				DYLIB_INSTALL_NAME_BASE = "@rpath";
				GCC_PREPROCESSOR_DEFINITIONS = (
					"DEBUG=1",
					"$(inherited)",
				);
				INFOPLIST_FILE = Wormhole/Info.plist;
				INSTALL_PATH = "$(LOCAL_LIBRARY_DIR)/Frameworks";
				LD_RUNPATH_SEARCH_PATHS = "$(inherited) @executable_path/Frameworks @loader_path/Frameworks";
				PRODUCT_NAME = "$(TARGET_NAME)";
				SKIP_INSTALL = YES;
				SWIFT_OPTIMIZATION_LEVEL = "-Onone";
				TARGETED_DEVICE_FAMILY = "1,2";
				VERSIONING_SYSTEM = "apple-generic";
				VERSION_INFO_PREFIX = "";
			};
			name = Debug;
		};
		5020481C1B0C97D0002EBFC7 /* Release */ = {
			isa = XCBuildConfiguration;
			buildSettings = {
				CLANG_ENABLE_MODULES = YES;
				CODE_SIGN_IDENTITY = "iPhone Developer";
				"CODE_SIGN_IDENTITY[sdk=iphoneos*]" = "iPhone Developer";
				CURRENT_PROJECT_VERSION = 1;
				DEFINES_MODULE = YES;
				DYLIB_COMPATIBILITY_VERSION = 1;
				DYLIB_CURRENT_VERSION = 1;
				DYLIB_INSTALL_NAME_BASE = "@rpath";
				INFOPLIST_FILE = Wormhole/Info.plist;
				INSTALL_PATH = "$(LOCAL_LIBRARY_DIR)/Frameworks";
				LD_RUNPATH_SEARCH_PATHS = "$(inherited) @executable_path/Frameworks @loader_path/Frameworks";
				PRODUCT_NAME = "$(TARGET_NAME)";
				SKIP_INSTALL = YES;
				TARGETED_DEVICE_FAMILY = "1,2";
				VERSIONING_SYSTEM = "apple-generic";
				VERSION_INFO_PREFIX = "";
			};
			name = Release;
		};
		5020481F1B0C97D0002EBFC7 /* Debug */ = {
			isa = XCBuildConfiguration;
			buildSettings = {
				FRAMEWORK_SEARCH_PATHS = (
					"$(SDKROOT)/Developer/Library/Frameworks",
					"$(inherited)",
				);
				GCC_PREPROCESSOR_DEFINITIONS = (
					"DEBUG=1",
					"$(inherited)",
				);
				INFOPLIST_FILE = WormholeTests/Info.plist;
				LD_RUNPATH_SEARCH_PATHS = "$(inherited) @executable_path/Frameworks @loader_path/Frameworks";
				PRODUCT_NAME = "$(TARGET_NAME)";
				TEST_HOST = "$(BUILT_PRODUCTS_DIR)/Remote.app/Remote";
			};
			name = Debug;
		};
		502048201B0C97D0002EBFC7 /* Release */ = {
			isa = XCBuildConfiguration;
			buildSettings = {
				FRAMEWORK_SEARCH_PATHS = (
					"$(SDKROOT)/Developer/Library/Frameworks",
					"$(inherited)",
				);
				INFOPLIST_FILE = WormholeTests/Info.plist;
				LD_RUNPATH_SEARCH_PATHS = "$(inherited) @executable_path/Frameworks @loader_path/Frameworks";
				PRODUCT_NAME = "$(TARGET_NAME)";
				TEST_HOST = "$(BUILT_PRODUCTS_DIR)/Remote.app/Remote";
			};
			name = Release;
		};
		505498811B1574B40037E3BD /* Debug */ = {
			isa = XCBuildConfiguration;
			buildSettings = {
				CLANG_ENABLE_MODULES = YES;
				CODE_SIGN_IDENTITY = "iPhone Developer";
				"CODE_SIGN_IDENTITY[sdk=iphoneos*]" = "iPhone Developer";
				CURRENT_PROJECT_VERSION = 1;
				DEFINES_MODULE = YES;
				DYLIB_COMPATIBILITY_VERSION = 1;
				DYLIB_CURRENT_VERSION = 1;
				DYLIB_INSTALL_NAME_BASE = "@rpath";
				GCC_PREPROCESSOR_DEFINITIONS = (
					"DEBUG=1",
					"$(inherited)",
				);
				INFOPLIST_FILE = RemoteKit/Info.plist;
				INSTALL_PATH = "$(LOCAL_LIBRARY_DIR)/Frameworks";
				LD_RUNPATH_SEARCH_PATHS = "$(inherited) @executable_path/Frameworks @loader_path/Frameworks";
				PRODUCT_NAME = "$(TARGET_NAME)";
				SKIP_INSTALL = YES;
				SWIFT_OPTIMIZATION_LEVEL = "-Onone";
				TARGETED_DEVICE_FAMILY = "1,2";
				VERSIONING_SYSTEM = "apple-generic";
				VERSION_INFO_PREFIX = "";
			};
			name = Debug;
		};
		505498821B1574B40037E3BD /* Release */ = {
			isa = XCBuildConfiguration;
			buildSettings = {
				CLANG_ENABLE_MODULES = YES;
				CODE_SIGN_IDENTITY = "iPhone Developer";
				"CODE_SIGN_IDENTITY[sdk=iphoneos*]" = "iPhone Developer";
				CURRENT_PROJECT_VERSION = 1;
				DEFINES_MODULE = YES;
				DYLIB_COMPATIBILITY_VERSION = 1;
				DYLIB_CURRENT_VERSION = 1;
				DYLIB_INSTALL_NAME_BASE = "@rpath";
				INFOPLIST_FILE = RemoteKit/Info.plist;
				INSTALL_PATH = "$(LOCAL_LIBRARY_DIR)/Frameworks";
				LD_RUNPATH_SEARCH_PATHS = "$(inherited) @executable_path/Frameworks @loader_path/Frameworks";
				PRODUCT_NAME = "$(TARGET_NAME)";
				SKIP_INSTALL = YES;
				TARGETED_DEVICE_FAMILY = "1,2";
				VERSIONING_SYSTEM = "apple-generic";
				VERSION_INFO_PREFIX = "";
			};
			name = Release;
		};
		505498831B1574B40037E3BD /* Debug */ = {
			isa = XCBuildConfiguration;
			buildSettings = {
				FRAMEWORK_SEARCH_PATHS = (
					"$(SDKROOT)/Developer/Library/Frameworks",
					"$(inherited)",
				);
				GCC_PREPROCESSOR_DEFINITIONS = (
					"DEBUG=1",
					"$(inherited)",
				);
				INFOPLIST_FILE = RemoteKitTests/Info.plist;
				LD_RUNPATH_SEARCH_PATHS = "$(inherited) @executable_path/Frameworks @loader_path/Frameworks";
				PRODUCT_NAME = "$(TARGET_NAME)";
				TEST_HOST = "$(BUILT_PRODUCTS_DIR)/Remote.app/Remote";
			};
			name = Debug;
		};
		505498841B1574B40037E3BD /* Release */ = {
			isa = XCBuildConfiguration;
			buildSettings = {
				FRAMEWORK_SEARCH_PATHS = (
					"$(SDKROOT)/Developer/Library/Frameworks",
					"$(inherited)",
				);
				INFOPLIST_FILE = RemoteKitTests/Info.plist;
				LD_RUNPATH_SEARCH_PATHS = "$(inherited) @executable_path/Frameworks @loader_path/Frameworks";
				PRODUCT_NAME = "$(TARGET_NAME)";
				TEST_HOST = "$(BUILT_PRODUCTS_DIR)/Remote.app/Remote";
			};
			name = Release;
		};
/* End XCBuildConfiguration section */

/* Begin XCConfigurationList section */
		502047AC1B0C971B002EBFC7 /* Build configuration list for PBXProject "Remote" */ = {
			isa = XCConfigurationList;
			buildConfigurations = (
				502047CE1B0C971C002EBFC7 /* Debug */,
				502047CF1B0C971C002EBFC7 /* Release */,
			);
			defaultConfigurationIsVisible = 0;
			defaultConfigurationName = Release;
		};
		502047D01B0C971C002EBFC7 /* Build configuration list for PBXNativeTarget "Remote" */ = {
			isa = XCConfigurationList;
			buildConfigurations = (
				502047D11B0C971C002EBFC7 /* Debug */,
				502047D21B0C971C002EBFC7 /* Release */,
			);
			defaultConfigurationIsVisible = 0;
			defaultConfigurationName = Release;
		};
		502047D31B0C971C002EBFC7 /* Build configuration list for PBXNativeTarget "RemoteTests" */ = {
			isa = XCConfigurationList;
			buildConfigurations = (
				502047D41B0C971C002EBFC7 /* Debug */,
				502047D51B0C971C002EBFC7 /* Release */,
			);
			defaultConfigurationIsVisible = 0;
			defaultConfigurationName = Release;
		};
		502047F31B0C973E002EBFC7 /* Build configuration list for PBXNativeTarget "Remote WatchKit App" */ = {
			isa = XCConfigurationList;
			buildConfigurations = (
				502047F41B0C973E002EBFC7 /* Debug */,
				502047F51B0C973E002EBFC7 /* Release */,
			);
			defaultConfigurationIsVisible = 0;
			defaultConfigurationName = Release;
		};
		502047F61B0C973E002EBFC7 /* Build configuration list for PBXNativeTarget "Remote WatchKit Extension" */ = {
			isa = XCConfigurationList;
			buildConfigurations = (
				502047F71B0C973E002EBFC7 /* Debug */,
				502047F81B0C973E002EBFC7 /* Release */,
			);
			defaultConfigurationIsVisible = 0;
			defaultConfigurationName = Release;
		};
		5020481A1B0C97D0002EBFC7 /* Build configuration list for PBXNativeTarget "Wormhole" */ = {
			isa = XCConfigurationList;
			buildConfigurations = (
				5020481B1B0C97D0002EBFC7 /* Debug */,
				5020481C1B0C97D0002EBFC7 /* Release */,
			);
			defaultConfigurationIsVisible = 0;
			defaultConfigurationName = Release;
		};
		5020481E1B0C97D0002EBFC7 /* Build configuration list for PBXNativeTarget "WormholeTests" */ = {
			isa = XCConfigurationList;
			buildConfigurations = (
				5020481F1B0C97D0002EBFC7 /* Debug */,
				502048201B0C97D0002EBFC7 /* Release */,
			);
			defaultConfigurationIsVisible = 0;
			defaultConfigurationName = Release;
		};
		505498851B1574B40037E3BD /* Build configuration list for PBXNativeTarget "RemoteKit" */ = {
			isa = XCConfigurationList;
			buildConfigurations = (
				505498811B1574B40037E3BD /* Debug */,
				505498821B1574B40037E3BD /* Release */,
			);
			defaultConfigurationIsVisible = 0;
		};
		505498861B1574B40037E3BD /* Build configuration list for PBXNativeTarget "RemoteKitTests" */ = {
			isa = XCConfigurationList;
			buildConfigurations = (
				505498831B1574B40037E3BD /* Debug */,
				505498841B1574B40037E3BD /* Release */,
			);
			defaultConfigurationIsVisible = 0;
		};
/* End XCConfigurationList section */
	};
	rootObject = 502047A91B0C971B002EBFC7 /* Project object */;
}
